
Microsoft Visual Studio Solution File, Format Version 12.00
# Visual Studio 2013
VisualStudioVersion = 12.0.31101.0
MinimumVisualStudioVersion = 10.0.40219.1
Project("{FAE04EC0-301F-11D3-BF4B-00C04F79EFBC}") = "Steam", "Steam\Steam.csproj", "{59D34E62-CE15-44CA-A5A0-E6A533547C01}"
EndProject
Project("{FAE04EC0-301F-11D3-BF4B-00C04F79EFBC}") = "UnitTests", "UnitTests\UnitTests.csproj", "{5B08FC9E-96A1-4A99-96AB-2B569CADFF97}"
EndProject
Global
	GlobalSection(SolutionConfigurationPlatforms) = preSolution
		Debug|Any CPU = Debug|Any CPU
		Release|Any CPU = Release|Any CPU
	EndGlobalSection
	GlobalSection(ProjectConfigurationPlatforms) = postSolution
		{59D34E62-CE15-44CA-A5A0-E6A533547C01}.Debug|Any CPU.ActiveCfg = Debug|Any CPU
		{59D34E62-CE15-44CA-A5A0-E6A533547C01}.Debug|Any CPU.Build.0 = Debug|Any CPU
		{59D34E62-CE15-44CA-A5A0-E6A533547C01}.Release|Any CPU.ActiveCfg = Release|Any CPU
		{59D34E62-CE15-44CA-A5A0-E6A533547C01}.Release|Any CPU.Build.0 = Release|Any CPU
		{5B08FC9E-96A1-4A99-96AB-2B569CADFF97}.Debug|Any CPU.ActiveCfg = Debug|Any CPU
		{5B08FC9E-96A1-4A99-96AB-2B569CADFF97}.Debug|Any CPU.Build.0 = Debug|Any CPU
		{5B08FC9E-96A1-4A99-96AB-2B569CADFF97}.Release|Any CPU.ActiveCfg = Release|Any CPU
		{5B08FC9E-96A1-4A99-96AB-2B569CADFF97}.Release|Any CPU.Build.0 = Release|Any CPU
	EndGlobalSection
	GlobalSection(SolutionProperties) = preSolution
		HideSolutionNode = FALSE
	EndGlobalSection
EndGlobal
